
Microsoft Visual Studio Solution File, Format Version 12.00
# Visual Studio Version 17
VisualStudioVersion = 17.4.33122.133
MinimumVisualStudioVersion = 10.0.40219.1
Project("{2150E333-8FDC-42A3-9474-1A3956D46DE8}") = "Services", "Services", "{F8E757E4-D003-41C9-BFF9-8BB50835561D}"
EndProject
Project("{2150E333-8FDC-42A3-9474-1A3956D46DE8}") = "Authentification", "Authentification", "{E6CFEAA3-83F2-4425-AB9D-422CA8F5FFFA}"
EndProject
Project("{2150E333-8FDC-42A3-9474-1A3956D46DE8}") = "Order", "Order", "{F380B687-6177-4B34-B981-A0E6405CC792}"
EndProject
Project("{2150E333-8FDC-42A3-9474-1A3956D46DE8}") = "Catalog", "Catalog", "{1F2661E9-6B1C-4ED3-942F-A58D6F7EB4D4}"
EndProject
Project("{9A19103F-16F7-4668-BE54-9A1E7A4F7556}") = "Order.API", "Services\Order\Order.API\Order.API.csproj", "{08CCA63D-E54A-49F3-927A-B2FA27817F0C}"
EndProject
Project("{9A19103F-16F7-4668-BE54-9A1E7A4F7556}") = "Order.Application", "Services\Order\Order.Application\Order.Application.csproj", "{A07D85B6-7C6C-4D3B-8B6D-8E95606B376A}"
EndProject
Project("{9A19103F-16F7-4668-BE54-9A1E7A4F7556}") = "Order.Domain", "Services\Order\Order.Domain\Order.Domain.csproj", "{8013255F-467F-4783-9E35-55E0DEA3252F}"
EndProject
Project("{9A19103F-16F7-4668-BE54-9A1E7A4F7556}") = "Order.Infostracture", "Services\Order\Order.Infostracture\Order.Infostracture.csproj", "{E3F2386C-6C4E-42F5-8403-F78328736973}"
EndProject
Project("{2150E333-8FDC-42A3-9474-1A3956D46DE8}") = "Basket", "Basket", "{2178F555-B143-44EE-A8A7-DF9E1B8E9404}"
EndProject
Project("{FAE04EC0-301F-11D3-BF4B-00C04F79EFBC}") = "Catalog.Domain", "Services\Catalog\Catalog.Domain\Catalog.Domain.csproj", "{29E52B88-9E68-4EF8-B2C6-488EADC1AEB3}"
EndProject
Project("{FAE04EC0-301F-11D3-BF4B-00C04F79EFBC}") = "Catalog.Application", "Services\Catalog\Catalog.Application\Catalog.Application.csproj", "{9FECC0E3-1421-4069-A45C-8C8C92802BC5}"
EndProject
Project("{FAE04EC0-301F-11D3-BF4B-00C04F79EFBC}") = "Catalog.Infostructure", "Services\Catalog\Catalog.Infostructure\Catalog.Infostructure.csproj", "{8DB52A05-D35F-46C9-9194-7088C0E83D4E}"
EndProject
Project("{FAE04EC0-301F-11D3-BF4B-00C04F79EFBC}") = "Catalog.API", "Services\Catalog\Catalog.API\Catalog.API.csproj", "{252F29A4-9BD9-433B-9EB8-622D6194F7EB}"
EndProject
Project("{FAE04EC0-301F-11D3-BF4B-00C04F79EFBC}") = "Basket.API", "Services\Basket\Basket.API\Basket.API.csproj", "{5E244903-CF05-40B3-A109-6BB0A930F2C7}"
EndProject
Project("{FAE04EC0-301F-11D3-BF4B-00C04F79EFBC}") = "Basket.Application", "Services\Basket\Basket.Application\Basket.Application.csproj", "{9F5E2E19-71E8-4FB7-8E2C-16E1B7E7AFA8}"
EndProject
Project("{FAE04EC0-301F-11D3-BF4B-00C04F79EFBC}") = "Basket.Domain", "Services\Basket\Basket.Domain\Basket.Domain.csproj", "{4FD5F46D-C7B1-4D21-8C28-EACD94F2EC4A}"
EndProject
Project("{FAE04EC0-301F-11D3-BF4B-00C04F79EFBC}") = "Basket.Infostructure", "Services\Basket\Basket.Infostructure\Basket.Infostructure.csproj", "{DF76AA42-D11B-4CC6-9579-8CF1E7282C6F}"
EndProject
Project("{FAE04EC0-301F-11D3-BF4B-00C04F79EFBC}") = "Auth.API", "Services\Authentification\Auth.API\Auth.API.csproj", "{9EB47B6B-D426-4C9A-94EB-CC31FAF5EBD2}"
EndProject
Project("{FAE04EC0-301F-11D3-BF4B-00C04F79EFBC}") = "Auth.Application", "Services\Authentification\Auth.Application\Auth.Application.csproj", "{6B5E04D6-5445-41F7-81DC-7AA4255FC509}"
EndProject
Project("{FAE04EC0-301F-11D3-BF4B-00C04F79EFBC}") = "Auth.Domain", "Services\Authentification\Auth.Domain\Auth.Domain.csproj", "{C4CB3593-505A-4C62-BF44-233F36D0B85A}"
EndProject
Project("{FAE04EC0-301F-11D3-BF4B-00C04F79EFBC}") = "Auth.Infostructure", "Services\Authentification\Auth.Infostructure\Auth.Infostructure.csproj", "{F138BA30-B960-4750-86A4-EBA27EF38E55}"
EndProject
Global
	GlobalSection(SolutionConfigurationPlatforms) = preSolution
		Debug|Any CPU = Debug|Any CPU
		Release|Any CPU = Release|Any CPU
	EndGlobalSection
	GlobalSection(ProjectConfigurationPlatforms) = postSolution
		{08CCA63D-E54A-49F3-927A-B2FA27817F0C}.Debug|Any CPU.ActiveCfg = Debug|Any CPU
		{08CCA63D-E54A-49F3-927A-B2FA27817F0C}.Debug|Any CPU.Build.0 = Debug|Any CPU
		{08CCA63D-E54A-49F3-927A-B2FA27817F0C}.Release|Any CPU.ActiveCfg = Release|Any CPU
		{08CCA63D-E54A-49F3-927A-B2FA27817F0C}.Release|Any CPU.Build.0 = Release|Any CPU
		{A07D85B6-7C6C-4D3B-8B6D-8E95606B376A}.Debug|Any CPU.ActiveCfg = Debug|Any CPU
		{A07D85B6-7C6C-4D3B-8B6D-8E95606B376A}.Debug|Any CPU.Build.0 = Debug|Any CPU
		{A07D85B6-7C6C-4D3B-8B6D-8E95606B376A}.Release|Any CPU.ActiveCfg = Release|Any CPU
		{A07D85B6-7C6C-4D3B-8B6D-8E95606B376A}.Release|Any CPU.Build.0 = Release|Any CPU
		{8013255F-467F-4783-9E35-55E0DEA3252F}.Debug|Any CPU.ActiveCfg = Debug|Any CPU
		{8013255F-467F-4783-9E35-55E0DEA3252F}.Debug|Any CPU.Build.0 = Debug|Any CPU
		{8013255F-467F-4783-9E35-55E0DEA3252F}.Release|Any CPU.ActiveCfg = Release|Any CPU
		{8013255F-467F-4783-9E35-55E0DEA3252F}.Release|Any CPU.Build.0 = Release|Any CPU
		{E3F2386C-6C4E-42F5-8403-F78328736973}.Debug|Any CPU.ActiveCfg = Debug|Any CPU
		{E3F2386C-6C4E-42F5-8403-F78328736973}.Debug|Any CPU.Build.0 = Debug|Any CPU
		{E3F2386C-6C4E-42F5-8403-F78328736973}.Release|Any CPU.ActiveCfg = Release|Any CPU
		{E3F2386C-6C4E-42F5-8403-F78328736973}.Release|Any CPU.Build.0 = Release|Any CPU
		{29E52B88-9E68-4EF8-B2C6-488EADC1AEB3}.Debug|Any CPU.ActiveCfg = Debug|Any CPU
		{29E52B88-9E68-4EF8-B2C6-488EADC1AEB3}.Debug|Any CPU.Build.0 = Debug|Any CPU
		{29E52B88-9E68-4EF8-B2C6-488EADC1AEB3}.Release|Any CPU.ActiveCfg = Release|Any CPU
		{29E52B88-9E68-4EF8-B2C6-488EADC1AEB3}.Release|Any CPU.Build.0 = Release|Any CPU
		{9FECC0E3-1421-4069-A45C-8C8C92802BC5}.Debug|Any CPU.ActiveCfg = Debug|Any CPU
		{9FECC0E3-1421-4069-A45C-8C8C92802BC5}.Debug|Any CPU.Build.0 = Debug|Any CPU
		{9FECC0E3-1421-4069-A45C-8C8C92802BC5}.Release|Any CPU.ActiveCfg = Release|Any CPU
		{9FECC0E3-1421-4069-A45C-8C8C92802BC5}.Release|Any CPU.Build.0 = Release|Any CPU
		{8DB52A05-D35F-46C9-9194-7088C0E83D4E}.Debug|Any CPU.ActiveCfg = Debug|Any CPU
		{8DB52A05-D35F-46C9-9194-7088C0E83D4E}.Debug|Any CPU.Build.0 = Debug|Any CPU
		{8DB52A05-D35F-46C9-9194-7088C0E83D4E}.Release|Any CPU.ActiveCfg = Release|Any CPU
		{8DB52A05-D35F-46C9-9194-7088C0E83D4E}.Release|Any CPU.Build.0 = Release|Any CPU
		{252F29A4-9BD9-433B-9EB8-622D6194F7EB}.Debug|Any CPU.ActiveCfg = Debug|Any CPU
		{252F29A4-9BD9-433B-9EB8-622D6194F7EB}.Debug|Any CPU.Build.0 = Debug|Any CPU
		{252F29A4-9BD9-433B-9EB8-622D6194F7EB}.Release|Any CPU.ActiveCfg = Release|Any CPU
		{252F29A4-9BD9-433B-9EB8-622D6194F7EB}.Release|Any CPU.Build.0 = Release|Any CPU
		{5E244903-CF05-40B3-A109-6BB0A930F2C7}.Debug|Any CPU.ActiveCfg = Debug|Any CPU
		{5E244903-CF05-40B3-A109-6BB0A930F2C7}.Debug|Any CPU.Build.0 = Debug|Any CPU
		{5E244903-CF05-40B3-A109-6BB0A930F2C7}.Release|Any CPU.ActiveCfg = Release|Any CPU
		{5E244903-CF05-40B3-A109-6BB0A930F2C7}.Release|Any CPU.Build.0 = Release|Any CPU
		{9F5E2E19-71E8-4FB7-8E2C-16E1B7E7AFA8}.Debug|Any CPU.ActiveCfg = Debug|Any CPU
		{9F5E2E19-71E8-4FB7-8E2C-16E1B7E7AFA8}.Debug|Any CPU.Build.0 = Debug|Any CPU
		{9F5E2E19-71E8-4FB7-8E2C-16E1B7E7AFA8}.Release|Any CPU.ActiveCfg = Release|Any CPU
		{9F5E2E19-71E8-4FB7-8E2C-16E1B7E7AFA8}.Release|Any CPU.Build.0 = Release|Any CPU
		{4FD5F46D-C7B1-4D21-8C28-EACD94F2EC4A}.Debug|Any CPU.ActiveCfg = Debug|Any CPU
		{4FD5F46D-C7B1-4D21-8C28-EACD94F2EC4A}.Debug|Any CPU.Build.0 = Debug|Any CPU
		{4FD5F46D-C7B1-4D21-8C28-EACD94F2EC4A}.Release|Any CPU.ActiveCfg = Release|Any CPU
		{4FD5F46D-C7B1-4D21-8C28-EACD94F2EC4A}.Release|Any CPU.Build.0 = Release|Any CPU
		{DF76AA42-D11B-4CC6-9579-8CF1E7282C6F}.Debug|Any CPU.ActiveCfg = Debug|Any CPU
		{DF76AA42-D11B-4CC6-9579-8CF1E7282C6F}.Debug|Any CPU.Build.0 = Debug|Any CPU
		{DF76AA42-D11B-4CC6-9579-8CF1E7282C6F}.Release|Any CPU.ActiveCfg = Release|Any CPU
		{DF76AA42-D11B-4CC6-9579-8CF1E7282C6F}.Release|Any CPU.Build.0 = Release|Any CPU
		{9EB47B6B-D426-4C9A-94EB-CC31FAF5EBD2}.Debug|Any CPU.ActiveCfg = Debug|Any CPU
		{9EB47B6B-D426-4C9A-94EB-CC31FAF5EBD2}.Debug|Any CPU.Build.0 = Debug|Any CPU
		{9EB47B6B-D426-4C9A-94EB-CC31FAF5EBD2}.Release|Any CPU.ActiveCfg = Release|Any CPU
		{9EB47B6B-D426-4C9A-94EB-CC31FAF5EBD2}.Release|Any CPU.Build.0 = Release|Any CPU
		{6B5E04D6-5445-41F7-81DC-7AA4255FC509}.Debug|Any CPU.ActiveCfg = Debug|Any CPU
		{6B5E04D6-5445-41F7-81DC-7AA4255FC509}.Debug|Any CPU.Build.0 = Debug|Any CPU
		{6B5E04D6-5445-41F7-81DC-7AA4255FC509}.Release|Any CPU.ActiveCfg = Release|Any CPU
		{6B5E04D6-5445-41F7-81DC-7AA4255FC509}.Release|Any CPU.Build.0 = Release|Any CPU
		{C4CB3593-505A-4C62-BF44-233F36D0B85A}.Debug|Any CPU.ActiveCfg = Debug|Any CPU
		{C4CB3593-505A-4C62-BF44-233F36D0B85A}.Debug|Any CPU.Build.0 = Debug|Any CPU
		{C4CB3593-505A-4C62-BF44-233F36D0B85A}.Release|Any CPU.ActiveCfg = Release|Any CPU
		{C4CB3593-505A-4C62-BF44-233F36D0B85A}.Release|Any CPU.Build.0 = Release|Any CPU
		{F138BA30-B960-4750-86A4-EBA27EF38E55}.Debug|Any CPU.ActiveCfg = Debug|Any CPU
		{F138BA30-B960-4750-86A4-EBA27EF38E55}.Debug|Any CPU.Build.0 = Debug|Any CPU
		{F138BA30-B960-4750-86A4-EBA27EF38E55}.Release|Any CPU.ActiveCfg = Release|Any CPU
		{F138BA30-B960-4750-86A4-EBA27EF38E55}.Release|Any CPU.Build.0 = Release|Any CPU
	EndGlobalSection
	GlobalSection(SolutionProperties) = preSolution
		HideSolutionNode = FALSE
	EndGlobalSection
	GlobalSection(NestedProjects) = preSolution
		{E6CFEAA3-83F2-4425-AB9D-422CA8F5FFFA} = {F8E757E4-D003-41C9-BFF9-8BB50835561D}
		{F380B687-6177-4B34-B981-A0E6405CC792} = {F8E757E4-D003-41C9-BFF9-8BB50835561D}
		{1F2661E9-6B1C-4ED3-942F-A58D6F7EB4D4} = {F8E757E4-D003-41C9-BFF9-8BB50835561D}
		{08CCA63D-E54A-49F3-927A-B2FA27817F0C} = {F380B687-6177-4B34-B981-A0E6405CC792}
		{A07D85B6-7C6C-4D3B-8B6D-8E95606B376A} = {F380B687-6177-4B34-B981-A0E6405CC792}
		{8013255F-467F-4783-9E35-55E0DEA3252F} = {F380B687-6177-4B34-B981-A0E6405CC792}
		{E3F2386C-6C4E-42F5-8403-F78328736973} = {F380B687-6177-4B34-B981-A0E6405CC792}
		{2178F555-B143-44EE-A8A7-DF9E1B8E9404} = {F8E757E4-D003-41C9-BFF9-8BB50835561D}
		{29E52B88-9E68-4EF8-B2C6-488EADC1AEB3} = {1F2661E9-6B1C-4ED3-942F-A58D6F7EB4D4}
		{9FECC0E3-1421-4069-A45C-8C8C92802BC5} = {1F2661E9-6B1C-4ED3-942F-A58D6F7EB4D4}
		{8DB52A05-D35F-46C9-9194-7088C0E83D4E} = {1F2661E9-6B1C-4ED3-942F-A58D6F7EB4D4}
		{252F29A4-9BD9-433B-9EB8-622D6194F7EB} = {1F2661E9-6B1C-4ED3-942F-A58D6F7EB4D4}
		{5E244903-CF05-40B3-A109-6BB0A930F2C7} = {2178F555-B143-44EE-A8A7-DF9E1B8E9404}
		{9F5E2E19-71E8-4FB7-8E2C-16E1B7E7AFA8} = {2178F555-B143-44EE-A8A7-DF9E1B8E9404}
		{4FD5F46D-C7B1-4D21-8C28-EACD94F2EC4A} = {2178F555-B143-44EE-A8A7-DF9E1B8E9404}
		{DF76AA42-D11B-4CC6-9579-8CF1E7282C6F} = {2178F555-B143-44EE-A8A7-DF9E1B8E9404}
		{9EB47B6B-D426-4C9A-94EB-CC31FAF5EBD2} = {E6CFEAA3-83F2-4425-AB9D-422CA8F5FFFA}
		{6B5E04D6-5445-41F7-81DC-7AA4255FC509} = {E6CFEAA3-83F2-4425-AB9D-422CA8F5FFFA}
		{C4CB3593-505A-4C62-BF44-233F36D0B85A} = {E6CFEAA3-83F2-4425-AB9D-422CA8F5FFFA}
		{F138BA30-B960-4750-86A4-EBA27EF38E55} = {E6CFEAA3-83F2-4425-AB9D-422CA8F5FFFA}
	EndGlobalSection
	GlobalSection(ExtensibilityGlobals) = postSolution
		SolutionGuid = {5AF587B3-B1AA-4115-A17A-F9753DAE887F}
	EndGlobalSection
EndGlobal
